// !$*UTF8*$!
{
	archiveVersion = 1;
	classes = {
	};
	objectVersion = 50;
	objects = {

/* Begin PBXBuildFile section */
		455E99E5AE359D5773E27B34 /* Pods_StinderUITests.framework in Frameworks */ = {isa = PBXBuildFile; fileRef = 333F712E2666794D9C7503C3 /* Pods_StinderUITests.framework */; };
		4611D9A92086FD85003B037E /* GoogleService-Info.plist in Resources */ = {isa = PBXBuildFile; fileRef = 4611D9A82086FD85003B037E /* GoogleService-Info.plist */; };
		469BD4AE20870BB7004C7D35 /* SignUpViewController.swift in Sources */ = {isa = PBXBuildFile; fileRef = 469BD4AD20870BB7004C7D35 /* SignUpViewController.swift */; };
		469BD4B020870BFD004C7D35 /* ClassAdderViewController.swift in Sources */ = {isa = PBXBuildFile; fileRef = 469BD4AF20870BFD004C7D35 /* ClassAdderViewController.swift */; };
		469BD4B220870C18004C7D35 /* UserViewController.swift in Sources */ = {isa = PBXBuildFile; fileRef = 469BD4B120870C18004C7D35 /* UserViewController.swift */; };
		469BD4B420870C2D004C7D35 /* ChatViewController.swift in Sources */ = {isa = PBXBuildFile; fileRef = 469BD4B320870C2D004C7D35 /* ChatViewController.swift */; };
		469BD4B620870DF8004C7D35 /* TabBarController.swift in Sources */ = {isa = PBXBuildFile; fileRef = 469BD4B520870DF8004C7D35 /* TabBarController.swift */; };
		46B380D82086E30B00E0F814 /* AppDelegate.swift in Sources */ = {isa = PBXBuildFile; fileRef = 46B380D72086E30B00E0F814 /* AppDelegate.swift */; };
		46B380DA2086E30B00E0F814 /* LogInViewController.swift in Sources */ = {isa = PBXBuildFile; fileRef = 46B380D92086E30B00E0F814 /* LogInViewController.swift */; };
		46B380DD2086E30B00E0F814 /* Main.storyboard in Resources */ = {isa = PBXBuildFile; fileRef = 46B380DB2086E30B00E0F814 /* Main.storyboard */; };
		46B380DF2086E30C00E0F814 /* Assets.xcassets in Resources */ = {isa = PBXBuildFile; fileRef = 46B380DE2086E30C00E0F814 /* Assets.xcassets */; };
		46B380E22086E30C00E0F814 /* LaunchScreen.storyboard in Resources */ = {isa = PBXBuildFile; fileRef = 46B380E02086E30C00E0F814 /* LaunchScreen.storyboard */; };
		46B380ED2086E30C00E0F814 /* StinderTests.swift in Sources */ = {isa = PBXBuildFile; fileRef = 46B380EC2086E30C00E0F814 /* StinderTests.swift */; };
		46B380F82086E30C00E0F814 /* StinderUITests.swift in Sources */ = {isa = PBXBuildFile; fileRef = 46B380F72086E30C00E0F814 /* StinderUITests.swift */; };
		A42D60DCE2F75412AA70B229 /* Pods_Stinder.framework in Frameworks */ = {isa = PBXBuildFile; fileRef = AEEDC0981E3EC2E8266E9A2F /* Pods_Stinder.framework */; };
		D38BA8E91F10D40032C40765 /* Pods_StinderTests.framework in Frameworks */ = {isa = PBXBuildFile; fileRef = 53CEF355BF0D75494E1B7D56 /* Pods_StinderTests.framework */; };
/* End PBXBuildFile section */

/* Begin PBXContainerItemProxy section */
		46B380E92086E30C00E0F814 /* PBXContainerItemProxy */ = {
			isa = PBXContainerItemProxy;
			containerPortal = 46B380CC2086E30B00E0F814 /* Project object */;
			proxyType = 1;
			remoteGlobalIDString = 46B380D32086E30B00E0F814;
			remoteInfo = Stinder;
		};
		46B380F42086E30C00E0F814 /* PBXContainerItemProxy */ = {
			isa = PBXContainerItemProxy;
			containerPortal = 46B380CC2086E30B00E0F814 /* Project object */;
			proxyType = 1;
			remoteGlobalIDString = 46B380D32086E30B00E0F814;
			remoteInfo = Stinder;
		};
/* End PBXContainerItemProxy section */

/* Begin PBXFileReference section */
		2392122781ADC22B42E5DE78 /* Pods-StinderTests.debug.xcconfig */ = {isa = PBXFileReference; includeInIndex = 1; lastKnownFileType = text.xcconfig; name = "Pods-StinderTests.debug.xcconfig"; path = "Pods/Target Support Files/Pods-StinderTests/Pods-StinderTests.debug.xcconfig"; sourceTree = "<group>"; };
		333F712E2666794D9C7503C3 /* Pods_StinderUITests.framework */ = {isa = PBXFileReference; explicitFileType = wrapper.framework; includeInIndex = 0; path = Pods_StinderUITests.framework; sourceTree = BUILT_PRODUCTS_DIR; };
		4611D9A82086FD85003B037E /* GoogleService-Info.plist */ = {isa = PBXFileReference; fileEncoding = 4; lastKnownFileType = text.plist.xml; path = "GoogleService-Info.plist"; sourceTree = "<group>"; };
		469BD4AD20870BB7004C7D35 /* SignUpViewController.swift */ = {isa = PBXFileReference; lastKnownFileType = sourcecode.swift; path = SignUpViewController.swift; sourceTree = "<group>"; };
		469BD4AF20870BFD004C7D35 /* ClassAdderViewController.swift */ = {isa = PBXFileReference; lastKnownFileType = sourcecode.swift; path = ClassAdderViewController.swift; sourceTree = "<group>"; };
		469BD4B120870C18004C7D35 /* UserViewController.swift */ = {isa = PBXFileReference; lastKnownFileType = sourcecode.swift; path = UserViewController.swift; sourceTree = "<group>"; };
		469BD4B320870C2D004C7D35 /* ChatViewController.swift */ = {isa = PBXFileReference; lastKnownFileType = sourcecode.swift; path = ChatViewController.swift; sourceTree = "<group>"; };
		469BD4B520870DF8004C7D35 /* TabBarController.swift */ = {isa = PBXFileReference; lastKnownFileType = sourcecode.swift; path = TabBarController.swift; sourceTree = "<group>"; };
		46B380D42086E30B00E0F814 /* Stinder.app */ = {isa = PBXFileReference; explicitFileType = wrapper.application; includeInIndex = 0; path = Stinder.app; sourceTree = BUILT_PRODUCTS_DIR; };
		46B380D72086E30B00E0F814 /* AppDelegate.swift */ = {isa = PBXFileReference; lastKnownFileType = sourcecode.swift; path = AppDelegate.swift; sourceTree = "<group>"; };
		46B380D92086E30B00E0F814 /* LogInViewController.swift */ = {isa = PBXFileReference; lastKnownFileType = sourcecode.swift; path = LogInViewController.swift; sourceTree = "<group>"; };
		46B380DC2086E30B00E0F814 /* Base */ = {isa = PBXFileReference; lastKnownFileType = file.storyboard; name = Base; path = Base.lproj/Main.storyboard; sourceTree = "<group>"; };
		46B380DE2086E30C00E0F814 /* Assets.xcassets */ = {isa = PBXFileReference; lastKnownFileType = folder.assetcatalog; path = Assets.xcassets; sourceTree = "<group>"; };
		46B380E12086E30C00E0F814 /* Base */ = {isa = PBXFileReference; lastKnownFileType = file.storyboard; name = Base; path = Base.lproj/LaunchScreen.storyboard; sourceTree = "<group>"; };
		46B380E32086E30C00E0F814 /* Info.plist */ = {isa = PBXFileReference; lastKnownFileType = text.plist.xml; path = Info.plist; sourceTree = "<group>"; };
		46B380E82086E30C00E0F814 /* StinderTests.xctest */ = {isa = PBXFileReference; explicitFileType = wrapper.cfbundle; includeInIndex = 0; path = StinderTests.xctest; sourceTree = BUILT_PRODUCTS_DIR; };
		46B380EC2086E30C00E0F814 /* StinderTests.swift */ = {isa = PBXFileReference; lastKnownFileType = sourcecode.swift; path = StinderTests.swift; sourceTree = "<group>"; };
		46B380EE2086E30C00E0F814 /* Info.plist */ = {isa = PBXFileReference; lastKnownFileType = text.plist.xml; path = Info.plist; sourceTree = "<group>"; };
		46B380F32086E30C00E0F814 /* StinderUITests.xctest */ = {isa = PBXFileReference; explicitFileType = wrapper.cfbundle; includeInIndex = 0; path = StinderUITests.xctest; sourceTree = BUILT_PRODUCTS_DIR; };
		46B380F72086E30C00E0F814 /* StinderUITests.swift */ = {isa = PBXFileReference; lastKnownFileType = sourcecode.swift; path = StinderUITests.swift; sourceTree = "<group>"; };
		46B380F92086E30C00E0F814 /* Info.plist */ = {isa = PBXFileReference; lastKnownFileType = text.plist.xml; path = Info.plist; sourceTree = "<group>"; };
		53CEF355BF0D75494E1B7D56 /* Pods_StinderTests.framework */ = {isa = PBXFileReference; explicitFileType = wrapper.framework; includeInIndex = 0; path = Pods_StinderTests.framework; sourceTree = BUILT_PRODUCTS_DIR; };
		6388C2D2AB2FB93BB83D9B0D /* Pods-StinderUITests.debug.xcconfig */ = {isa = PBXFileReference; includeInIndex = 1; lastKnownFileType = text.xcconfig; name = "Pods-StinderUITests.debug.xcconfig"; path = "Pods/Target Support Files/Pods-StinderUITests/Pods-StinderUITests.debug.xcconfig"; sourceTree = "<group>"; };
		8B13CDDCF2457D6F825EF6EE /* Pods-StinderTests.release.xcconfig */ = {isa = PBXFileReference; includeInIndex = 1; lastKnownFileType = text.xcconfig; name = "Pods-StinderTests.release.xcconfig"; path = "Pods/Target Support Files/Pods-StinderTests/Pods-StinderTests.release.xcconfig"; sourceTree = "<group>"; };
		9CF75D2CBCA698CF5E8FD731 /* Pods-Stinder.release.xcconfig */ = {isa = PBXFileReference; includeInIndex = 1; lastKnownFileType = text.xcconfig; name = "Pods-Stinder.release.xcconfig"; path = "Pods/Target Support Files/Pods-Stinder/Pods-Stinder.release.xcconfig"; sourceTree = "<group>"; };
		AEEDC0981E3EC2E8266E9A2F /* Pods_Stinder.framework */ = {isa = PBXFileReference; explicitFileType = wrapper.framework; includeInIndex = 0; path = Pods_Stinder.framework; sourceTree = BUILT_PRODUCTS_DIR; };
		D796BE9E651CD9ADA1849485 /* Pods-Stinder.debug.xcconfig */ = {isa = PBXFileReference; includeInIndex = 1; lastKnownFileType = text.xcconfig; name = "Pods-Stinder.debug.xcconfig"; path = "Pods/Target Support Files/Pods-Stinder/Pods-Stinder.debug.xcconfig"; sourceTree = "<group>"; };
		F19892C0883CC70051433FCE /* Pods-StinderUITests.release.xcconfig */ = {isa = PBXFileReference; includeInIndex = 1; lastKnownFileType = text.xcconfig; name = "Pods-StinderUITests.release.xcconfig"; path = "Pods/Target Support Files/Pods-StinderUITests/Pods-StinderUITests.release.xcconfig"; sourceTree = "<group>"; };
/* End PBXFileReference section */

/* Begin PBXFrameworksBuildPhase section */
		46B380D12086E30B00E0F814 /* Frameworks */ = {
			isa = PBXFrameworksBuildPhase;
			buildActionMask = 2147483647;
			files = (
				A42D60DCE2F75412AA70B229 /* Pods_Stinder.framework in Frameworks */,
			);
			runOnlyForDeploymentPostprocessing = 0;
		};
		46B380E52086E30C00E0F814 /* Frameworks */ = {
			isa = PBXFrameworksBuildPhase;
			buildActionMask = 2147483647;
			files = (
				D38BA8E91F10D40032C40765 /* Pods_StinderTests.framework in Frameworks */,
			);
			runOnlyForDeploymentPostprocessing = 0;
		};
		46B380F02086E30C00E0F814 /* Frameworks */ = {
			isa = PBXFrameworksBuildPhase;
			buildActionMask = 2147483647;
			files = (
				455E99E5AE359D5773E27B34 /* Pods_StinderUITests.framework in Frameworks */,
			);
			runOnlyForDeploymentPostprocessing = 0;
		};
/* End PBXFrameworksBuildPhase section */

/* Begin PBXGroup section */
		46B380CB2086E30B00E0F814 = {
			isa = PBXGroup;
			children = (
				46B380D62086E30B00E0F814 /* Stinder */,
				46B380EB2086E30C00E0F814 /* StinderTests */,
				46B380F62086E30C00E0F814 /* StinderUITests */,
				46B380D52086E30B00E0F814 /* Products */,
				9610E3DABABDCDDCEF96EF5C /* Pods */,
				95644D06270005B5A24F6CDE /* Frameworks */,
			);
			sourceTree = "<group>";
		};
		46B380D52086E30B00E0F814 /* Products */ = {
			isa = PBXGroup;
			children = (
				46B380D42086E30B00E0F814 /* Stinder.app */,
				46B380E82086E30C00E0F814 /* StinderTests.xctest */,
				46B380F32086E30C00E0F814 /* StinderUITests.xctest */,
			);
			name = Products;
			sourceTree = "<group>";
		};
		46B380D62086E30B00E0F814 /* Stinder */ = {
			isa = PBXGroup;
			children = (
				46B380D72086E30B00E0F814 /* AppDelegate.swift */,
				469BD4B520870DF8004C7D35 /* TabBarController.swift */,
				469BD4B320870C2D004C7D35 /* ChatViewController.swift */,
				469BD4AF20870BFD004C7D35 /* ClassAdderViewController.swift */,
				469BD4B120870C18004C7D35 /* UserViewController.swift */,
				46B380D92086E30B00E0F814 /* LogInViewController.swift */,
				46B380DB2086E30B00E0F814 /* Main.storyboard */,
				46B380DE2086E30C00E0F814 /* Assets.xcassets */,
				46B380E02086E30C00E0F814 /* LaunchScreen.storyboard */,
				46B380E32086E30C00E0F814 /* Info.plist */,
				4611D9A82086FD85003B037E /* GoogleService-Info.plist */,
				469BD4AD20870BB7004C7D35 /* SignUpViewController.swift */,
			);
			path = Stinder;
			sourceTree = "<group>";
		};
		46B380EB2086E30C00E0F814 /* StinderTests */ = {
			isa = PBXGroup;
			children = (
				46B380EC2086E30C00E0F814 /* StinderTests.swift */,
				46B380EE2086E30C00E0F814 /* Info.plist */,
			);
			path = StinderTests;
			sourceTree = "<group>";
		};
		46B380F62086E30C00E0F814 /* StinderUITests */ = {
			isa = PBXGroup;
			children = (
				46B380F72086E30C00E0F814 /* StinderUITests.swift */,
				46B380F92086E30C00E0F814 /* Info.plist */,
			);
			path = StinderUITests;
			sourceTree = "<group>";
		};
		95644D06270005B5A24F6CDE /* Frameworks */ = {
			isa = PBXGroup;
			children = (
				AEEDC0981E3EC2E8266E9A2F /* Pods_Stinder.framework */,
				53CEF355BF0D75494E1B7D56 /* Pods_StinderTests.framework */,
				333F712E2666794D9C7503C3 /* Pods_StinderUITests.framework */,
			);
			name = Frameworks;
			sourceTree = "<group>";
		};
		9610E3DABABDCDDCEF96EF5C /* Pods */ = {
			isa = PBXGroup;
			children = (
				D796BE9E651CD9ADA1849485 /* Pods-Stinder.debug.xcconfig */,
				9CF75D2CBCA698CF5E8FD731 /* Pods-Stinder.release.xcconfig */,
				2392122781ADC22B42E5DE78 /* Pods-StinderTests.debug.xcconfig */,
				8B13CDDCF2457D6F825EF6EE /* Pods-StinderTests.release.xcconfig */,
				6388C2D2AB2FB93BB83D9B0D /* Pods-StinderUITests.debug.xcconfig */,
				F19892C0883CC70051433FCE /* Pods-StinderUITests.release.xcconfig */,
			);
			name = Pods;
			sourceTree = "<group>";
		};
/* End PBXGroup section */

/* Begin PBXNativeTarget section */
		46B380D32086E30B00E0F814 /* Stinder */ = {
			isa = PBXNativeTarget;
			buildConfigurationList = 46B380FC2086E30C00E0F814 /* Build configuration list for PBXNativeTarget "Stinder" */;
			buildPhases = (
				4296BD4AFDF47390A0EF8623 /* [CP] Check Pods Manifest.lock */,
				46B380D02086E30B00E0F814 /* Sources */,
				46B380D12086E30B00E0F814 /* Frameworks */,
				46B380D22086E30B00E0F814 /* Resources */,
				0B984F51BA7FD83A7B8FF318 /* [CP] Embed Pods Frameworks */,
				36D28FBD0599C5CAE7FED7B0 /* [CP] Copy Pods Resources */,
			);
			buildRules = (
			);
			dependencies = (
			);
			name = Stinder;
			productName = Stinder;
			productReference = 46B380D42086E30B00E0F814 /* Stinder.app */;
			productType = "com.apple.product-type.application";
		};
		46B380E72086E30C00E0F814 /* StinderTests */ = {
			isa = PBXNativeTarget;
			buildConfigurationList = 46B380FF2086E30C00E0F814 /* Build configuration list for PBXNativeTarget "StinderTests" */;
			buildPhases = (
				9A4F94B513E044E7BC707E13 /* [CP] Check Pods Manifest.lock */,
				46B380E42086E30C00E0F814 /* Sources */,
				46B380E52086E30C00E0F814 /* Frameworks */,
				46B380E62086E30C00E0F814 /* Resources */,
				02DEBCF63E0AB52BBF47FF62 /* [CP] Embed Pods Frameworks */,
				819FF90721284B136AC9976C /* [CP] Copy Pods Resources */,
			);
			buildRules = (
			);
			dependencies = (
				46B380EA2086E30C00E0F814 /* PBXTargetDependency */,
			);
			name = StinderTests;
			productName = StinderTests;
			productReference = 46B380E82086E30C00E0F814 /* StinderTests.xctest */;
			productType = "com.apple.product-type.bundle.unit-test";
		};
		46B380F22086E30C00E0F814 /* StinderUITests */ = {
			isa = PBXNativeTarget;
			buildConfigurationList = 46B381022086E30C00E0F814 /* Build configuration list for PBXNativeTarget "StinderUITests" */;
			buildPhases = (
				103713BC25961676C3BF6CD7 /* [CP] Check Pods Manifest.lock */,
				46B380EF2086E30C00E0F814 /* Sources */,
				46B380F02086E30C00E0F814 /* Frameworks */,
				46B380F12086E30C00E0F814 /* Resources */,
				54E08EFA24995BD7A965835B /* [CP] Embed Pods Frameworks */,
				65B92E12ED248396F89AE3DA /* [CP] Copy Pods Resources */,
			);
			buildRules = (
			);
			dependencies = (
				46B380F52086E30C00E0F814 /* PBXTargetDependency */,
			);
			name = StinderUITests;
			productName = StinderUITests;
			productReference = 46B380F32086E30C00E0F814 /* StinderUITests.xctest */;
			productType = "com.apple.product-type.bundle.ui-testing";
		};
/* End PBXNativeTarget section */

/* Begin PBXProject section */
		46B380CC2086E30B00E0F814 /* Project object */ = {
			isa = PBXProject;
			attributes = {
				LastSwiftUpdateCheck = 0930;
				LastUpgradeCheck = 0930;
				ORGANIZATIONNAME = "Josue Rodriguez";
				TargetAttributes = {
					46B380D32086E30B00E0F814 = {
						CreatedOnToolsVersion = 9.3;
					};
					46B380E72086E30C00E0F814 = {
						CreatedOnToolsVersion = 9.3;
						TestTargetID = 46B380D32086E30B00E0F814;
					};
					46B380F22086E30C00E0F814 = {
						CreatedOnToolsVersion = 9.3;
						TestTargetID = 46B380D32086E30B00E0F814;
					};
				};
			};
			buildConfigurationList = 46B380CF2086E30B00E0F814 /* Build configuration list for PBXProject "Stinder" */;
			compatibilityVersion = "Xcode 9.3";
			developmentRegion = en;
			hasScannedForEncodings = 0;
			knownRegions = (
				en,
				Base,
			);
			mainGroup = 46B380CB2086E30B00E0F814;
			productRefGroup = 46B380D52086E30B00E0F814 /* Products */;
			projectDirPath = "";
			projectRoot = "";
			targets = (
				46B380D32086E30B00E0F814 /* Stinder */,
				46B380E72086E30C00E0F814 /* StinderTests */,
				46B380F22086E30C00E0F814 /* StinderUITests */,
			);
		};
/* End PBXProject section */

/* Begin PBXResourcesBuildPhase section */
		46B380D22086E30B00E0F814 /* Resources */ = {
			isa = PBXResourcesBuildPhase;
			buildActionMask = 2147483647;
			files = (
				46B380E22086E30C00E0F814 /* LaunchScreen.storyboard in Resources */,
				46B380DF2086E30C00E0F814 /* Assets.xcassets in Resources */,
				4611D9A92086FD85003B037E /* GoogleService-Info.plist in Resources */,
				46B380DD2086E30B00E0F814 /* Main.storyboard in Resources */,
			);
			runOnlyForDeploymentPostprocessing = 0;
		};
		46B380E62086E30C00E0F814 /* Resources */ = {
			isa = PBXResourcesBuildPhase;
			buildActionMask = 2147483647;
			files = (
			);
			runOnlyForDeploymentPostprocessing = 0;
		};
		46B380F12086E30C00E0F814 /* Resources */ = {
			isa = PBXResourcesBuildPhase;
			buildActionMask = 2147483647;
			files = (
			);
			runOnlyForDeploymentPostprocessing = 0;
		};
/* End PBXResourcesBuildPhase section */

/* Begin PBXShellScriptBuildPhase section */
		02DEBCF63E0AB52BBF47FF62 /* [CP] Embed Pods Frameworks */ = {
			isa = PBXShellScriptBuildPhase;
			buildActionMask = 2147483647;
			files = (
			);
			inputPaths = (
			);
			name = "[CP] Embed Pods Frameworks";
			outputPaths = (
			);
			runOnlyForDeploymentPostprocessing = 0;
			shellPath = /bin/sh;
			shellScript = "\"${SRCROOT}/Pods/Target Support Files/Pods-StinderTests/Pods-StinderTests-frameworks.sh\"\n";
			showEnvVarsInLog = 0;
		};
		0B984F51BA7FD83A7B8FF318 /* [CP] Embed Pods Frameworks */ = {
			isa = PBXShellScriptBuildPhase;
			buildActionMask = 2147483647;
			files = (
			);
			inputPaths = (
				"${SRCROOT}/Pods/Target Support Files/Pods-Stinder/Pods-Stinder-frameworks.sh",
				"${BUILT_PRODUCTS_DIR}/GTMSessionFetcher/GTMSessionFetcher.framework",
				"${BUILT_PRODUCTS_DIR}/GoogleToolboxForMac/GoogleToolboxForMac.framework",
				"${BUILT_PRODUCTS_DIR}/MBProgressHUD/MBProgressHUD.framework",
				"${BUILT_PRODUCTS_DIR}/SDWebImage/SDWebImage.framework",
				"${BUILT_PRODUCTS_DIR}/leveldb-library/leveldb.framework",
				"${BUILT_PRODUCTS_DIR}/nanopb/nanopb.framework",
			);
			name = "[CP] Embed Pods Frameworks";
			outputPaths = (
				"${TARGET_BUILD_DIR}/${FRAMEWORKS_FOLDER_PATH}/GTMSessionFetcher.framework",
				"${TARGET_BUILD_DIR}/${FRAMEWORKS_FOLDER_PATH}/GoogleToolboxForMac.framework",
				"${TARGET_BUILD_DIR}/${FRAMEWORKS_FOLDER_PATH}/MBProgressHUD.framework",
				"${TARGET_BUILD_DIR}/${FRAMEWORKS_FOLDER_PATH}/SDWebImage.framework",
				"${TARGET_BUILD_DIR}/${FRAMEWORKS_FOLDER_PATH}/leveldb.framework",
				"${TARGET_BUILD_DIR}/${FRAMEWORKS_FOLDER_PATH}/nanopb.framework",
			);
			runOnlyForDeploymentPostprocessing = 0;
			shellPath = /bin/sh;
			shellScript = "\"${SRCROOT}/Pods/Target Support Files/Pods-Stinder/Pods-Stinder-frameworks.sh\"\n";
			showEnvVarsInLog = 0;
		};
		103713BC25961676C3BF6CD7 /* [CP] Check Pods Manifest.lock */ = {
			isa = PBXShellScriptBuildPhase;
			buildActionMask = 2147483647;
			files = (
			);
			inputPaths = (
				"${PODS_PODFILE_DIR_PATH}/Podfile.lock",
				"${PODS_ROOT}/Manifest.lock",
			);
			name = "[CP] Check Pods Manifest.lock";
			outputPaths = (
				"$(DERIVED_FILE_DIR)/Pods-StinderUITests-checkManifestLockResult.txt",
			);
			runOnlyForDeploymentPostprocessing = 0;
			shellPath = /bin/sh;
			shellScript = "diff \"${PODS_PODFILE_DIR_PATH}/Podfile.lock\" \"${PODS_ROOT}/Manifest.lock\" > /dev/null\nif [ $? != 0 ] ; then\n    # print error to STDERR\n    echo \"error: The sandbox is not in sync with the Podfile.lock. Run 'pod install' or update your CocoaPods installation.\" >&2\n    exit 1\nfi\n# This output is used by Xcode 'outputs' to avoid re-running this script phase.\necho \"SUCCESS\" > \"${SCRIPT_OUTPUT_FILE_0}\"\n";
			showEnvVarsInLog = 0;
		};
		36D28FBD0599C5CAE7FED7B0 /* [CP] Copy Pods Resources */ = {
			isa = PBXShellScriptBuildPhase;
			buildActionMask = 2147483647;
			files = (
			);
			inputPaths = (
			);
			name = "[CP] Copy Pods Resources";
			outputPaths = (
			);
			runOnlyForDeploymentPostprocessing = 0;
			shellPath = /bin/sh;
			shellScript = "\"${SRCROOT}/Pods/Target Support Files/Pods-Stinder/Pods-Stinder-resources.sh\"\n";
			showEnvVarsInLog = 0;
		};
		4296BD4AFDF47390A0EF8623 /* [CP] Check Pods Manifest.lock */ = {
			isa = PBXShellScriptBuildPhase;
			buildActionMask = 2147483647;
			files = (
			);
			inputPaths = (
				"${PODS_PODFILE_DIR_PATH}/Podfile.lock",
				"${PODS_ROOT}/Manifest.lock",
			);
			name = "[CP] Check Pods Manifest.lock";
			outputPaths = (
				"$(DERIVED_FILE_DIR)/Pods-Stinder-checkManifestLockResult.txt",
			);
			runOnlyForDeploymentPostprocessing = 0;
			shellPath = /bin/sh;
			shellScript = "diff \"${PODS_PODFILE_DIR_PATH}/Podfile.lock\" \"${PODS_ROOT}/Manifest.lock\" > /dev/null\nif [ $? != 0 ] ; then\n    # print error to STDERR\n    echo \"error: The sandbox is not in sync with the Podfile.lock. Run 'pod install' or update your CocoaPods installation.\" >&2\n    exit 1\nfi\n# This output is used by Xcode 'outputs' to avoid re-running this script phase.\necho \"SUCCESS\" > \"${SCRIPT_OUTPUT_FILE_0}\"\n";
			showEnvVarsInLog = 0;
		};
		54E08EFA24995BD7A965835B /* [CP] Embed Pods Frameworks */ = {
			isa = PBXShellScriptBuildPhase;
			buildActionMask = 2147483647;
			files = (
			);
			inputPaths = (
			);
			name = "[CP] Embed Pods Frameworks";
			outputPaths = (
			);
			runOnlyForDeploymentPostprocessing = 0;
			shellPath = /bin/sh;
			shellScript = "\"${SRCROOT}/Pods/Target Support Files/Pods-StinderUITests/Pods-StinderUITests-frameworks.sh\"\n";
			showEnvVarsInLog = 0;
		};
		65B92E12ED248396F89AE3DA /* [CP] Copy Pods Resources */ = {
			isa = PBXShellScriptBuildPhase;
			buildActionMask = 2147483647;
			files = (
			);
			inputPaths = (
			);
			name = "[CP] Copy Pods Resources";
			outputPaths = (
			);
			runOnlyForDeploymentPostprocessing = 0;
			shellPath = /bin/sh;
			shellScript = "\"${SRCROOT}/Pods/Target Support Files/Pods-StinderUITests/Pods-StinderUITests-resources.sh\"\n";
			showEnvVarsInLog = 0;
		};
		819FF90721284B136AC9976C /* [CP] Copy Pods Resources */ = {
			isa = PBXShellScriptBuildPhase;
			buildActionMask = 2147483647;
			files = (
			);
			inputPaths = (
			);
			name = "[CP] Copy Pods Resources";
			outputPaths = (
			);
			runOnlyForDeploymentPostprocessing = 0;
			shellPath = /bin/sh;
			shellScript = "\"${SRCROOT}/Pods/Target Support Files/Pods-StinderTests/Pods-StinderTests-resources.sh\"\n";
			showEnvVarsInLog = 0;
		};
		9A4F94B513E044E7BC707E13 /* [CP] Check Pods Manifest.lock */ = {
			isa = PBXShellScriptBuildPhase;
			buildActionMask = 2147483647;
			files = (
			);
			inputPaths = (
				"${PODS_PODFILE_DIR_PATH}/Podfile.lock",
				"${PODS_ROOT}/Manifest.lock",
			);
			name = "[CP] Check Pods Manifest.lock";
			outputPaths = (
				"$(DERIVED_FILE_DIR)/Pods-StinderTests-checkManifestLockResult.txt",
			);
			runOnlyForDeploymentPostprocessing = 0;
			shellPath = /bin/sh;
			shellScript = "diff \"${PODS_PODFILE_DIR_PATH}/Podfile.lock\" \"${PODS_ROOT}/Manifest.lock\" > /dev/null\nif [ $? != 0 ] ; then\n    # print error to STDERR\n    echo \"error: The sandbox is not in sync with the Podfile.lock. Run 'pod install' or update your CocoaPods installation.\" >&2\n    exit 1\nfi\n# This output is used by Xcode 'outputs' to avoid re-running this script phase.\necho \"SUCCESS\" > \"${SCRIPT_OUTPUT_FILE_0}\"\n";
			showEnvVarsInLog = 0;
		};
/* End PBXShellScriptBuildPhase section */

/* Begin PBXSourcesBuildPhase section */
		46B380D02086E30B00E0F814 /* Sources */ = {
			isa = PBXSourcesBuildPhase;
			buildActionMask = 2147483647;
			files = (
				469BD4AE20870BB7004C7D35 /* SignUpViewController.swift in Sources */,
				469BD4B220870C18004C7D35 /* UserViewController.swift in Sources */,
				46B380DA2086E30B00E0F814 /* LogInViewController.swift in Sources */,
				469BD4B020870BFD004C7D35 /* ClassAdderViewController.swift in Sources */,
				469BD4B620870DF8004C7D35 /* TabBarController.swift in Sources */,
				469BD4B420870C2D004C7D35 /* ChatViewController.swift in Sources */,
				46B380D82086E30B00E0F814 /* AppDelegate.swift in Sources */,
			);
			runOnlyForDeploymentPostprocessing = 0;
		};
		46B380E42086E30C00E0F814 /* Sources */ = {
			isa = PBXSourcesBuildPhase;
			buildActionMask = 2147483647;
			files = (
				46B380ED2086E30C00E0F814 /* StinderTests.swift in Sources */,
			);
			runOnlyForDeploymentPostprocessing = 0;
		};
		46B380EF2086E30C00E0F814 /* Sources */ = {
			isa = PBXSourcesBuildPhase;
			buildActionMask = 2147483647;
			files = (
				46B380F82086E30C00E0F814 /* StinderUITests.swift in Sources */,
			);
			runOnlyForDeploymentPostprocessing = 0;
		};
/* End PBXSourcesBuildPhase section */

/* Begin PBXTargetDependency section */
		46B380EA2086E30C00E0F814 /* PBXTargetDependency */ = {
			isa = PBXTargetDependency;
			target = 46B380D32086E30B00E0F814 /* Stinder */;
			targetProxy = 46B380E92086E30C00E0F814 /* PBXContainerItemProxy */;
		};
		46B380F52086E30C00E0F814 /* PBXTargetDependency */ = {
			isa = PBXTargetDependency;
			target = 46B380D32086E30B00E0F814 /* Stinder */;
			targetProxy = 46B380F42086E30C00E0F814 /* PBXContainerItemProxy */;
		};
/* End PBXTargetDependency section */

/* Begin PBXVariantGroup section */
		46B380DB2086E30B00E0F814 /* Main.storyboard */ = {
			isa = PBXVariantGroup;
			children = (
				46B380DC2086E30B00E0F814 /* Base */,
			);
			name = Main.storyboard;
			sourceTree = "<group>";
		};
		46B380E02086E30C00E0F814 /* LaunchScreen.storyboard */ = {
			isa = PBXVariantGroup;
			children = (
				46B380E12086E30C00E0F814 /* Base */,
			);
			name = LaunchScreen.storyboard;
			sourceTree = "<group>";
		};
/* End PBXVariantGroup section */

/* Begin XCBuildConfiguration section */
		46B380FA2086E30C00E0F814 /* Debug */ = {
			isa = XCBuildConfiguration;
			buildSettings = {
				ALWAYS_SEARCH_USER_PATHS = NO;
				CLANG_ANALYZER_NONNULL = YES;
				CLANG_ANALYZER_NUMBER_OBJECT_CONVERSION = YES_AGGRESSIVE;
				CLANG_CXX_LANGUAGE_STANDARD = "gnu++14";
				CLANG_CXX_LIBRARY = "libc++";
				CLANG_ENABLE_MODULES = YES;
				CLANG_ENABLE_OBJC_ARC = YES;
				CLANG_ENABLE_OBJC_WEAK = YES;
				CLANG_WARN_BLOCK_CAPTURE_AUTORELEASING = YES;
				CLANG_WARN_BOOL_CONVERSION = YES;
				CLANG_WARN_COMMA = YES;
				CLANG_WARN_CONSTANT_CONVERSION = YES;
				CLANG_WARN_DEPRECATED_OBJC_IMPLEMENTATIONS = YES;
				CLANG_WARN_DIRECT_OBJC_ISA_USAGE = YES_ERROR;
				CLANG_WARN_DOCUMENTATION_COMMENTS = YES;
				CLANG_WARN_EMPTY_BODY = YES;
				CLANG_WARN_ENUM_CONVERSION = YES;
				CLANG_WARN_INFINITE_RECURSION = YES;
				CLANG_WARN_INT_CONVERSION = YES;
				CLANG_WARN_NON_LITERAL_NULL_CONVERSION = YES;
				CLANG_WARN_OBJC_IMPLICIT_RETAIN_SELF = YES;
				CLANG_WARN_OBJC_LITERAL_CONVERSION = YES;
				CLANG_WARN_OBJC_ROOT_CLASS = YES_ERROR;
				CLANG_WARN_RANGE_LOOP_ANALYSIS = YES;
				CLANG_WARN_STRICT_PROTOTYPES = YES;
				CLANG_WARN_SUSPICIOUS_MOVE = YES;
				CLANG_WARN_UNGUARDED_AVAILABILITY = YES_AGGRESSIVE;
				CLANG_WARN_UNREACHABLE_CODE = YES;
				CLANG_WARN__DUPLICATE_METHOD_MATCH = YES;
				CODE_SIGN_IDENTITY = "iPhone Developer";
				COPY_PHASE_STRIP = NO;
				DEBUG_INFORMATION_FORMAT = dwarf;
				ENABLE_STRICT_OBJC_MSGSEND = YES;
				ENABLE_TESTABILITY = YES;
				GCC_C_LANGUAGE_STANDARD = gnu11;
				GCC_DYNAMIC_NO_PIC = NO;
				GCC_NO_COMMON_BLOCKS = YES;
				GCC_OPTIMIZATION_LEVEL = 0;
				GCC_PREPROCESSOR_DEFINITIONS = (
					"DEBUG=1",
					"$(inherited)",
				);
				GCC_WARN_64_TO_32_BIT_CONVERSION = YES;
				GCC_WARN_ABOUT_RETURN_TYPE = YES_ERROR;
				GCC_WARN_UNDECLARED_SELECTOR = YES;
				GCC_WARN_UNINITIALIZED_AUTOS = YES_AGGRESSIVE;
				GCC_WARN_UNUSED_FUNCTION = YES;
				GCC_WARN_UNUSED_VARIABLE = YES;
				IPHONEOS_DEPLOYMENT_TARGET = 11.3;
				MTL_ENABLE_DEBUG_INFO = YES;
				ONLY_ACTIVE_ARCH = YES;
				SDKROOT = iphoneos;
				SWIFT_ACTIVE_COMPILATION_CONDITIONS = DEBUG;
				SWIFT_OPTIMIZATION_LEVEL = "-Onone";
			};
			name = Debug;
		};
		46B380FB2086E30C00E0F814 /* Release */ = {
			isa = XCBuildConfiguration;
			buildSettings = {
				ALWAYS_SEARCH_USER_PATHS = NO;
				CLANG_ANALYZER_NONNULL = YES;
				CLANG_ANALYZER_NUMBER_OBJECT_CONVERSION = YES_AGGRESSIVE;
				CLANG_CXX_LANGUAGE_STANDARD = "gnu++14";
				CLANG_CXX_LIBRARY = "libc++";
				CLANG_ENABLE_MODULES = YES;
				CLANG_ENABLE_OBJC_ARC = YES;
				CLANG_ENABLE_OBJC_WEAK = YES;
				CLANG_WARN_BLOCK_CAPTURE_AUTORELEASING = YES;
				CLANG_WARN_BOOL_CONVERSION = YES;
				CLANG_WARN_COMMA = YES;
				CLANG_WARN_CONSTANT_CONVERSION = YES;
				CLANG_WARN_DEPRECATED_OBJC_IMPLEMENTATIONS = YES;
				CLANG_WARN_DIRECT_OBJC_ISA_USAGE = YES_ERROR;
				CLANG_WARN_DOCUMENTATION_COMMENTS = YES;
				CLANG_WARN_EMPTY_BODY = YES;
				CLANG_WARN_ENUM_CONVERSION = YES;
				CLANG_WARN_INFINITE_RECURSION = YES;
				CLANG_WARN_INT_CONVERSION = YES;
				CLANG_WARN_NON_LITERAL_NULL_CONVERSION = YES;
				CLANG_WARN_OBJC_IMPLICIT_RETAIN_SELF = YES;
				CLANG_WARN_OBJC_LITERAL_CONVERSION = YES;
				CLANG_WARN_OBJC_ROOT_CLASS = YES_ERROR;
				CLANG_WARN_RANGE_LOOP_ANALYSIS = YES;
				CLANG_WARN_STRICT_PROTOTYPES = YES;
				CLANG_WARN_SUSPICIOUS_MOVE = YES;
				CLANG_WARN_UNGUARDED_AVAILABILITY = YES_AGGRESSIVE;
				CLANG_WARN_UNREACHABLE_CODE = YES;
				CLANG_WARN__DUPLICATE_METHOD_MATCH = YES;
				CODE_SIGN_IDENTITY = "iPhone Developer";
				COPY_PHASE_STRIP = NO;
				DEBUG_INFORMATION_FORMAT = "dwarf-with-dsym";
				ENABLE_NS_ASSERTIONS = NO;
				ENABLE_STRICT_OBJC_MSGSEND = YES;
				GCC_C_LANGUAGE_STANDARD = gnu11;
				GCC_NO_COMMON_BLOCKS = YES;
				GCC_WARN_64_TO_32_BIT_CONVERSION = YES;
				GCC_WARN_ABOUT_RETURN_TYPE = YES_ERROR;
				GCC_WARN_UNDECLARED_SELECTOR = YES;
				GCC_WARN_UNINITIALIZED_AUTOS = YES_AGGRESSIVE;
				GCC_WARN_UNUSED_FUNCTION = YES;
				GCC_WARN_UNUSED_VARIABLE = YES;
				IPHONEOS_DEPLOYMENT_TARGET = 11.3;
				MTL_ENABLE_DEBUG_INFO = NO;
				SDKROOT = iphoneos;
				SWIFT_COMPILATION_MODE = wholemodule;
				SWIFT_OPTIMIZATION_LEVEL = "-O";
				VALIDATE_PRODUCT = YES;
			};
			name = Release;
		};
		46B380FD2086E30C00E0F814 /* Debug */ = {
			isa = XCBuildConfiguration;
			baseConfigurationReference = D796BE9E651CD9ADA1849485 /* Pods-Stinder.debug.xcconfig */;
			buildSettings = {
				ASSETCATALOG_COMPILER_APPICON_NAME = AppIcon;
				CODE_SIGN_STYLE = Automatic;
				DEVELOPMENT_TEAM = 59ZVRGPJ2Q;
				INFOPLIST_FILE = Stinder/Info.plist;
				LD_RUNPATH_SEARCH_PATHS = (
					"$(inherited)",
					"@executable_path/Frameworks",
				);
				PRODUCT_BUNDLE_IDENTIFIER = jrod.Stinder;
				PRODUCT_NAME = "$(TARGET_NAME)";
				SWIFT_VERSION = 4.0;
				TARGETED_DEVICE_FAMILY = "1,2";
			};
			name = Debug;
		};
		46B380FE2086E30C00E0F814 /* Release */ = {
			isa = XCBuildConfiguration;
			baseConfigurationReference = 9CF75D2CBCA698CF5E8FD731 /* Pods-Stinder.release.xcconfig */;
			buildSettings = {
				ASSETCATALOG_COMPILER_APPICON_NAME = AppIcon;
				CODE_SIGN_STYLE = Automatic;
				DEVELOPMENT_TEAM = 59ZVRGPJ2Q;
				INFOPLIST_FILE = Stinder/Info.plist;
				LD_RUNPATH_SEARCH_PATHS = (
					"$(inherited)",
					"@executable_path/Frameworks",
				);
				PRODUCT_BUNDLE_IDENTIFIER = jrod.Stinder;
				PRODUCT_NAME = "$(TARGET_NAME)";
				SWIFT_VERSION = 4.0;
				TARGETED_DEVICE_FAMILY = "1,2";
			};
			name = Release;
		};
		46B381002086E30C00E0F814 /* Debug */ = {
			isa = XCBuildConfiguration;
			baseConfigurationReference = 2392122781ADC22B42E5DE78 /* Pods-StinderTests.debug.xcconfig */;
			buildSettings = {
				ALWAYS_EMBED_SWIFT_STANDARD_LIBRARIES = YES;
				BUNDLE_LOADER = "$(TEST_HOST)";
				CODE_SIGN_STYLE = Automatic;
				DEVELOPMENT_TEAM = 59ZVRGPJ2Q;
				INFOPLIST_FILE = StinderTests/Info.plist;
				LD_RUNPATH_SEARCH_PATHS = (
					"$(inherited)",
					"@executable_path/Frameworks",
					"@loader_path/Frameworks",
				);
				PRODUCT_BUNDLE_IDENTIFIER = jrod.StinderTests;
				PRODUCT_NAME = "$(TARGET_NAME)";
				SWIFT_VERSION = 4.0;
				TARGETED_DEVICE_FAMILY = "1,2";
				TEST_HOST = "$(BUILT_PRODUCTS_DIR)/Stinder.app/Stinder";
			};
			name = Debug;
		};
		46B381012086E30C00E0F814 /* Release */ = {
			isa = XCBuildConfiguration;
			baseConfigurationReference = 8B13CDDCF2457D6F825EF6EE /* Pods-StinderTests.release.xcconfig */;
			buildSettings = {
				ALWAYS_EMBED_SWIFT_STANDARD_LIBRARIES = YES;
				BUNDLE_LOADER = "$(TEST_HOST)";
				CODE_SIGN_STYLE = Automatic;
				DEVELOPMENT_TEAM = 59ZVRGPJ2Q;
				INFOPLIST_FILE = StinderTests/Info.plist;
				LD_RUNPATH_SEARCH_PATHS = (
					"$(inherited)",
					"@executable_path/Frameworks",
					"@loader_path/Frameworks",
				);
				PRODUCT_BUNDLE_IDENTIFIER = jrod.StinderTests;
				PRODUCT_NAME = "$(TARGET_NAME)";
				SWIFT_VERSION = 4.0;
				TARGETED_DEVICE_FAMILY = "1,2";
				TEST_HOST = "$(BUILT_PRODUCTS_DIR)/Stinder.app/Stinder";
			};
			name = Release;
		};
		46B381032086E30C00E0F814 /* Debug */ = {
			isa = XCBuildConfiguration;
			baseConfigurationReference = 6388C2D2AB2FB93BB83D9B0D /* Pods-StinderUITests.debug.xcconfig */;
			buildSettings = {
				ALWAYS_EMBED_SWIFT_STANDARD_LIBRARIES = YES;
				CODE_SIGN_STYLE = Automatic;
				DEVELOPMENT_TEAM = 59ZVRGPJ2Q;
				INFOPLIST_FILE = StinderUITests/Info.plist;
				LD_RUNPATH_SEARCH_PATHS = (
					"$(inherited)",
					"@executable_path/Frameworks",
					"@loader_path/Frameworks",
				);
				PRODUCT_BUNDLE_IDENTIFIER = jrod.StinderUITests;
				PRODUCT_NAME = "$(TARGET_NAME)";
				SWIFT_VERSION = 4.0;
				TARGETED_DEVICE_FAMILY = "1,2";
				TEST_TARGET_NAME = Stinder;
			};
			name = Debug;
		};
		46B381042086E30C00E0F814 /* Release */ = {
			isa = XCBuildConfiguration;
			baseConfigurationReference = F19892C0883CC70051433FCE /* Pods-StinderUITests.release.xcconfig */;
			buildSettings = {
				ALWAYS_EMBED_SWIFT_STANDARD_LIBRARIES = YES;
				CODE_SIGN_STYLE = Automatic;
				DEVELOPMENT_TEAM = 59ZVRGPJ2Q;
				INFOPLIST_FILE = StinderUITests/Info.plist;
				LD_RUNPATH_SEARCH_PATHS = (
					"$(inherited)",
					"@executable_path/Frameworks",
					"@loader_path/Frameworks",
				);
				PRODUCT_BUNDLE_IDENTIFIER = jrod.StinderUITests;
				PRODUCT_NAME = "$(TARGET_NAME)";
				SWIFT_VERSION = 4.0;
				TARGETED_DEVICE_FAMILY = "1,2";
				TEST_TARGET_NAME = Stinder;
			};
			name = Release;
		};
/* End XCBuildConfiguration section */

/* Begin XCConfigurationList section */
		46B380CF2086E30B00E0F814 /* Build configuration list for PBXProject "Stinder" */ = {
			isa = XCConfigurationList;
			buildConfigurations = (
				46B380FA2086E30C00E0F814 /* Debug */,
				46B380FB2086E30C00E0F814 /* Release */,
			);
			defaultConfigurationIsVisible = 0;
			defaultConfigurationName = Release;
		};
		46B380FC2086E30C00E0F814 /* Build configuration list for PBXNativeTarget "Stinder" */ = {
			isa = XCConfigurationList;
			buildConfigurations = (
				46B380FD2086E30C00E0F814 /* Debug */,
				46B380FE2086E30C00E0F814 /* Release */,
			);
			defaultConfigurationIsVisible = 0;
			defaultConfigurationName = Release;
		};
		46B380FF2086E30C00E0F814 /* Build configuration list for PBXNativeTarget "StinderTests" */ = {
			isa = XCConfigurationList;
			buildConfigurations = (
				46B381002086E30C00E0F814 /* Debug */,
				46B381012086E30C00E0F814 /* Release */,
			);
			defaultConfigurationIsVisible = 0;
			defaultConfigurationName = Release;
		};
		46B381022086E30C00E0F814 /* Build configuration list for PBXNativeTarget "StinderUITests" */ = {
			isa = XCConfigurationList;
			buildConfigurations = (
				46B381032086E30C00E0F814 /* Debug */,
				46B381042086E30C00E0F814 /* Release */,
			);
			defaultConfigurationIsVisible = 0;
			defaultConfigurationName = Release;
		};
/* End XCConfigurationList section */
	};
	rootObject = 46B380CC2086E30B00E0F814 /* Project object */;
}
